// !$*UTF8*$!
{
	archiveVersion = 1;
	classes = {
	};
	objectVersion = 46;
	objects = {

/* Begin PBXBuildFile section */
		5024BD381E5BF9780033F65B /* ANMainViewController.m in Sources */ = {isa = PBXBuildFile; fileRef = 5024BD371E5BF9780033F65B /* ANMainViewController.m */; };
		5024BD3C1E5BFCF90033F65B /* ANNavigationController.m in Sources */ = {isa = PBXBuildFile; fileRef = 5024BD3B1E5BFCF90033F65B /* ANNavigationController.m */; };
		5024BD3F1E5BFD280033F65B /* ANViewController.m in Sources */ = {isa = PBXBuildFile; fileRef = 5024BD3E1E5BFD280033F65B /* ANViewController.m */; };
		5024BD421E5C28D20033F65B /* ANChatViewController.m in Sources */ = {isa = PBXBuildFile; fileRef = 5024BD411E5C28D20033F65B /* ANChatViewController.m */; };
		5024BD481E5C591A0033F65B /* ANChatInputView.m in Sources */ = {isa = PBXBuildFile; fileRef = 5024BD471E5C591A0033F65B /* ANChatInputView.m */; };
		505D54411E5AEA6C004D24CF /* main.m in Sources */ = {isa = PBXBuildFile; fileRef = 505D54401E5AEA6C004D24CF /* main.m */; };
		505D54441E5AEA6C004D24CF /* AppDelegate.m in Sources */ = {isa = PBXBuildFile; fileRef = 505D54431E5AEA6C004D24CF /* AppDelegate.m */; };
		505D544A1E5AEA6C004D24CF /* Main.storyboard in Resources */ = {isa = PBXBuildFile; fileRef = 505D54481E5AEA6C004D24CF /* Main.storyboard */; };
		505D544C1E5AEA6C004D24CF /* Assets.xcassets in Resources */ = {isa = PBXBuildFile; fileRef = 505D544B1E5AEA6C004D24CF /* Assets.xcassets */; };
		505D544F1E5AEA6C004D24CF /* LaunchScreen.storyboard in Resources */ = {isa = PBXBuildFile; fileRef = 505D544D1E5AEA6C004D24CF /* LaunchScreen.storyboard */; };
		505D545D1E5AEC57004D24CF /* UIKit.framework in Frameworks */ = {isa = PBXBuildFile; fileRef = 505D545C1E5AEC57004D24CF /* UIKit.framework */; };
		50FB32231E5DE8E900219425 /* UIColor+ANExt.m in Sources */ = {isa = PBXBuildFile; fileRef = 50FB32221E5DE8E900219425 /* UIColor+ANExt.m */; };
		50FB32271E5DF8B900219425 /* ANMessageBaseCell.m in Sources */ = {isa = PBXBuildFile; fileRef = 50FB32261E5DF8B900219425 /* ANMessageBaseCell.m */; };
		50FB322A1E5DFADF00219425 /* ANMessageTextCell.m in Sources */ = {isa = PBXBuildFile; fileRef = 50FB32291E5DFADF00219425 /* ANMessageTextCell.m */; };
		50FB322F1E5DFB3C00219425 /* ANMessageModel.m in Sources */ = {isa = PBXBuildFile; fileRef = 50FB322E1E5DFB3C00219425 /* ANMessageModel.m */; };
		50FB32321E5E21D200219425 /* UIImage+ANExt.m in Sources */ = {isa = PBXBuildFile; fileRef = 50FB32311E5E21D200219425 /* UIImage+ANExt.m */; };
/* End PBXBuildFile section */

/* Begin PBXFileReference section */
		5024BD361E5BF9780033F65B /* ANMainViewController.h */ = {isa = PBXFileReference; fileEncoding = 4; lastKnownFileType = sourcecode.c.h; path = ANMainViewController.h; sourceTree = "<group>"; };
		5024BD371E5BF9780033F65B /* ANMainViewController.m */ = {isa = PBXFileReference; fileEncoding = 4; lastKnownFileType = sourcecode.c.objc; path = ANMainViewController.m; sourceTree = "<group>"; };
		5024BD3A1E5BFCF90033F65B /* ANNavigationController.h */ = {isa = PBXFileReference; fileEncoding = 4; lastKnownFileType = sourcecode.c.h; path = ANNavigationController.h; sourceTree = "<group>"; };
		5024BD3B1E5BFCF90033F65B /* ANNavigationController.m */ = {isa = PBXFileReference; fileEncoding = 4; lastKnownFileType = sourcecode.c.objc; path = ANNavigationController.m; sourceTree = "<group>"; };
		5024BD3D1E5BFD280033F65B /* ANViewController.h */ = {isa = PBXFileReference; fileEncoding = 4; lastKnownFileType = sourcecode.c.h; path = ANViewController.h; sourceTree = "<group>"; };
		5024BD3E1E5BFD280033F65B /* ANViewController.m */ = {isa = PBXFileReference; fileEncoding = 4; lastKnownFileType = sourcecode.c.objc; path = ANViewController.m; sourceTree = "<group>"; };
		5024BD401E5C28D20033F65B /* ANChatViewController.h */ = {isa = PBXFileReference; fileEncoding = 4; lastKnownFileType = sourcecode.c.h; path = ANChatViewController.h; sourceTree = "<group>"; };
		5024BD411E5C28D20033F65B /* ANChatViewController.m */ = {isa = PBXFileReference; fileEncoding = 4; lastKnownFileType = sourcecode.c.objc; path = ANChatViewController.m; sourceTree = "<group>"; };
		5024BD441E5C3ED20033F65B /* ANConfig.h */ = {isa = PBXFileReference; lastKnownFileType = sourcecode.c.h; path = ANConfig.h; sourceTree = "<group>"; };
		5024BD461E5C591A0033F65B /* ANChatInputView.h */ = {isa = PBXFileReference; fileEncoding = 4; lastKnownFileType = sourcecode.c.h; path = ANChatInputView.h; sourceTree = "<group>"; };
		5024BD471E5C591A0033F65B /* ANChatInputView.m */ = {isa = PBXFileReference; fileEncoding = 4; lastKnownFileType = sourcecode.c.objc; path = ANChatInputView.m; sourceTree = "<group>"; };
		505D543C1E5AEA6C004D24CF /* AskNow.app */ = {isa = PBXFileReference; explicitFileType = wrapper.application; includeInIndex = 0; path = AskNow.app; sourceTree = BUILT_PRODUCTS_DIR; };
		505D54401E5AEA6C004D24CF /* main.m */ = {isa = PBXFileReference; lastKnownFileType = sourcecode.c.objc; path = main.m; sourceTree = "<group>"; };
		505D54421E5AEA6C004D24CF /* AppDelegate.h */ = {isa = PBXFileReference; lastKnownFileType = sourcecode.c.h; path = AppDelegate.h; sourceTree = "<group>"; };
		505D54431E5AEA6C004D24CF /* AppDelegate.m */ = {isa = PBXFileReference; lastKnownFileType = sourcecode.c.objc; path = AppDelegate.m; sourceTree = "<group>"; };
		505D54491E5AEA6C004D24CF /* Base */ = {isa = PBXFileReference; lastKnownFileType = file.storyboard; name = Base; path = Base.lproj/Main.storyboard; sourceTree = "<group>"; };
		505D544B1E5AEA6C004D24CF /* Assets.xcassets */ = {isa = PBXFileReference; lastKnownFileType = folder.assetcatalog; path = Assets.xcassets; sourceTree = "<group>"; };
		505D544E1E5AEA6C004D24CF /* Base */ = {isa = PBXFileReference; lastKnownFileType = file.storyboard; name = Base; path = Base.lproj/LaunchScreen.storyboard; sourceTree = "<group>"; };
		505D54501E5AEA6C004D24CF /* Info.plist */ = {isa = PBXFileReference; lastKnownFileType = text.plist.xml; path = Info.plist; sourceTree = "<group>"; };
		505D545C1E5AEC57004D24CF /* UIKit.framework */ = {isa = PBXFileReference; lastKnownFileType = wrapper.framework; name = UIKit.framework; path = System/Library/Frameworks/UIKit.framework; sourceTree = SDKROOT; };
		50FB32211E5DE8E900219425 /* UIColor+ANExt.h */ = {isa = PBXFileReference; fileEncoding = 4; lastKnownFileType = sourcecode.c.h; path = "UIColor+ANExt.h"; sourceTree = "<group>"; };
		50FB32221E5DE8E900219425 /* UIColor+ANExt.m */ = {isa = PBXFileReference; fileEncoding = 4; lastKnownFileType = sourcecode.c.objc; path = "UIColor+ANExt.m"; sourceTree = "<group>"; };
		50FB32251E5DF8B900219425 /* ANMessageBaseCell.h */ = {isa = PBXFileReference; fileEncoding = 4; lastKnownFileType = sourcecode.c.h; path = ANMessageBaseCell.h; sourceTree = "<group>"; };
		50FB32261E5DF8B900219425 /* ANMessageBaseCell.m */ = {isa = PBXFileReference; fileEncoding = 4; lastKnownFileType = sourcecode.c.objc; path = ANMessageBaseCell.m; sourceTree = "<group>"; };
		50FB32281E5DFADF00219425 /* ANMessageTextCell.h */ = {isa = PBXFileReference; fileEncoding = 4; lastKnownFileType = sourcecode.c.h; path = ANMessageTextCell.h; sourceTree = "<group>"; };
		50FB32291E5DFADF00219425 /* ANMessageTextCell.m */ = {isa = PBXFileReference; fileEncoding = 4; lastKnownFileType = sourcecode.c.objc; path = ANMessageTextCell.m; sourceTree = "<group>"; };
		50FB322D1E5DFB3C00219425 /* ANMessageModel.h */ = {isa = PBXFileReference; fileEncoding = 4; lastKnownFileType = sourcecode.c.h; path = ANMessageModel.h; sourceTree = "<group>"; };
		50FB322E1E5DFB3C00219425 /* ANMessageModel.m */ = {isa = PBXFileReference; fileEncoding = 4; lastKnownFileType = sourcecode.c.objc; path = ANMessageModel.m; sourceTree = "<group>"; };
		50FB32301E5E21D200219425 /* UIImage+ANExt.h */ = {isa = PBXFileReference; fileEncoding = 4; lastKnownFileType = sourcecode.c.h; path = "UIImage+ANExt.h"; sourceTree = "<group>"; };
		50FB32311E5E21D200219425 /* UIImage+ANExt.m */ = {isa = PBXFileReference; fileEncoding = 4; lastKnownFileType = sourcecode.c.objc; path = "UIImage+ANExt.m"; sourceTree = "<group>"; };
/* End PBXFileReference section */

/* Begin PBXFrameworksBuildPhase section */
		505D54391E5AEA6B004D24CF /* Frameworks */ = {
			isa = PBXFrameworksBuildPhase;
			buildActionMask = 2147483647;
			files = (
				505D545D1E5AEC57004D24CF /* UIKit.framework in Frameworks */,
			);
			runOnlyForDeploymentPostprocessing = 0;
		};
/* End PBXFrameworksBuildPhase section */

/* Begin PBXGroup section */
		5024BD391E5BFCF90033F65B /* Base */ = {
			isa = PBXGroup;
			children = (
				5024BD3A1E5BFCF90033F65B /* ANNavigationController.h */,
				5024BD3B1E5BFCF90033F65B /* ANNavigationController.m */,
				5024BD3D1E5BFD280033F65B /* ANViewController.h */,
				5024BD3E1E5BFD280033F65B /* ANViewController.m */,
			);
			path = Base;
			sourceTree = "<group>";
		};
		5024BD431E5C3EC30033F65B /* General */ = {
			isa = PBXGroup;
			children = (
				50FB321F1E5DE89200219425 /* Utility */,
				5024BD441E5C3ED20033F65B /* ANConfig.h */,
			);
			path = General;
			sourceTree = "<group>";
		};
		5024BD451E5C58EE0033F65B /* Input */ = {
			isa = PBXGroup;
			children = (
				5024BD461E5C591A0033F65B /* ANChatInputView.h */,
				5024BD471E5C591A0033F65B /* ANChatInputView.m */,
			);
			path = Input;
			sourceTree = "<group>";
		};
		505D54331E5AEA6B004D24CF = {
			isa = PBXGroup;
			children = (
				505D543E1E5AEA6C004D24CF /* AskNow */,
				505D543D1E5AEA6C004D24CF /* Products */,
				505D545B1E5AEC57004D24CF /* Frameworks */,
			);
			sourceTree = "<group>";
		};
		505D543D1E5AEA6C004D24CF /* Products */ = {
			isa = PBXGroup;
			children = (
				505D543C1E5AEA6C004D24CF /* AskNow.app */,
			);
			name = Products;
			sourceTree = "<group>";
		};
		505D543E1E5AEA6C004D24CF /* AskNow */ = {
			isa = PBXGroup;
			children = (
				5024BD431E5C3EC30033F65B /* General */,
				505D545A1E5AEC2A004D24CF /* Server */,
				50FB322B1E5DFB0D00219425 /* Data */,
				505D54571E5AEC2A004D24CF /* Client */,
				505D54421E5AEA6C004D24CF /* AppDelegate.h */,
				505D54431E5AEA6C004D24CF /* AppDelegate.m */,
				505D54481E5AEA6C004D24CF /* Main.storyboard */,
				505D544D1E5AEA6C004D24CF /* LaunchScreen.storyboard */,
				505D54561E5AEB5B004D24CF /* Resources */,
				505D543F1E5AEA6C004D24CF /* Supporting Files */,
			);
			path = AskNow;
			sourceTree = "<group>";
		};
		505D543F1E5AEA6C004D24CF /* Supporting Files */ = {
			isa = PBXGroup;
			children = (
				505D54501E5AEA6C004D24CF /* Info.plist */,
				505D54401E5AEA6C004D24CF /* main.m */,
			);
			name = "Supporting Files";
			sourceTree = "<group>";
		};
		505D54561E5AEB5B004D24CF /* Resources */ = {
			isa = PBXGroup;
			children = (
				505D544B1E5AEA6C004D24CF /* Assets.xcassets */,
			);
			name = Resources;
			sourceTree = "<group>";
		};
		505D54571E5AEC2A004D24CF /* Client */ = {
			isa = PBXGroup;
			children = (
				5024BD361E5BF9780033F65B /* ANMainViewController.h */,
				5024BD371E5BF9780033F65B /* ANMainViewController.m */,
				505D545E1E5AED57004D24CF /* Chat */,
			);
			path = Client;
			sourceTree = "<group>";
		};
		505D545A1E5AEC2A004D24CF /* Server */ = {
			isa = PBXGroup;
			children = (
			);
			path = Server;
			sourceTree = "<group>";
		};
		505D545B1E5AEC57004D24CF /* Frameworks */ = {
			isa = PBXGroup;
			children = (
				505D545C1E5AEC57004D24CF /* UIKit.framework */,
			);
			name = Frameworks;
			sourceTree = "<group>";
		};
		505D545E1E5AED57004D24CF /* Chat */ = {
			isa = PBXGroup;
			children = (
				5024BD401E5C28D20033F65B /* ANChatViewController.h */,
				5024BD411E5C28D20033F65B /* ANChatViewController.m */,
				5024BD391E5BFCF90033F65B /* Base */,
				50FB32241E5DF7C500219425 /* Cell */,
				5024BD451E5C58EE0033F65B /* Input */,
			);
			path = Chat;
			sourceTree = "<group>";
		};
		50FB321F1E5DE89200219425 /* Utility */ = {
			isa = PBXGroup;
			children = (
				50FB32201E5DE8AA00219425 /* Category */,
			);
			path = Utility;
			sourceTree = "<group>";
		};
		50FB32201E5DE8AA00219425 /* Category */ = {
			isa = PBXGroup;
			children = (
				50FB32211E5DE8E900219425 /* UIColor+ANExt.h */,
				50FB32221E5DE8E900219425 /* UIColor+ANExt.m */,
				50FB32301E5E21D200219425 /* UIImage+ANExt.h */,
				50FB32311E5E21D200219425 /* UIImage+ANExt.m */,
			);
			path = Category;
			sourceTree = "<group>";
		};
		50FB32241E5DF7C500219425 /* Cell */ = {
			isa = PBXGroup;
			children = (
				50FB32251E5DF8B900219425 /* ANMessageBaseCell.h */,
				50FB32261E5DF8B900219425 /* ANMessageBaseCell.m */,
				50FB32281E5DFADF00219425 /* ANMessageTextCell.h */,
				50FB32291E5DFADF00219425 /* ANMessageTextCell.m */,
			);
			path = Cell;
			sourceTree = "<group>";
		};
		50FB322B1E5DFB0D00219425 /* Data */ = {
			isa = PBXGroup;
			children = (
				50FB322C1E5DFB2500219425 /* Model */,
			);
			path = Data;
			sourceTree = "<group>";
		};
		50FB322C1E5DFB2500219425 /* Model */ = {
			isa = PBXGroup;
			children = (
				50FB322D1E5DFB3C00219425 /* ANMessageModel.h */,
				50FB322E1E5DFB3C00219425 /* ANMessageModel.m */,
			);
			path = Model;
			sourceTree = "<group>";
		};
/* End PBXGroup section */

/* Begin PBXNativeTarget section */
		505D543B1E5AEA6B004D24CF /* AskNow */ = {
			isa = PBXNativeTarget;
			buildConfigurationList = 505D54531E5AEA6C004D24CF /* Build configuration list for PBXNativeTarget "AskNow" */;
			buildPhases = (
				505D54381E5AEA6B004D24CF /* Sources */,
				505D54391E5AEA6B004D24CF /* Frameworks */,
				505D543A1E5AEA6B004D24CF /* Resources */,
			);
			buildRules = (
			);
			dependencies = (
			);
			name = AskNow;
			productName = AskNow;
			productReference = 505D543C1E5AEA6C004D24CF /* AskNow.app */;
			productType = "com.apple.product-type.application";
		};
/* End PBXNativeTarget section */

/* Begin PBXProject section */
		505D54341E5AEA6B004D24CF /* Project object */ = {
			isa = PBXProject;
			attributes = {
				LastUpgradeCheck = 0820;
				ORGANIZATIONNAME = PandaLearn;
				TargetAttributes = {
					505D543B1E5AEA6B004D24CF = {
						CreatedOnToolsVersion = 8.2.1;
						DevelopmentTeam = ZB5CR5DXHJ;
						ProvisioningStyle = Automatic;
					};
				};
			};
			buildConfigurationList = 505D54371E5AEA6B004D24CF /* Build configuration list for PBXProject "AskNow" */;
			compatibilityVersion = "Xcode 3.2";
			developmentRegion = English;
			hasScannedForEncodings = 0;
			knownRegions = (
				en,
				Base,
			);
			mainGroup = 505D54331E5AEA6B004D24CF;
			productRefGroup = 505D543D1E5AEA6C004D24CF /* Products */;
			projectDirPath = "";
			projectRoot = "";
			targets = (
				505D543B1E5AEA6B004D24CF /* AskNow */,
			);
		};
/* End PBXProject section */

/* Begin PBXResourcesBuildPhase section */
		505D543A1E5AEA6B004D24CF /* Resources */ = {
			isa = PBXResourcesBuildPhase;
			buildActionMask = 2147483647;
			files = (
				505D544F1E5AEA6C004D24CF /* LaunchScreen.storyboard in Resources */,
				505D544C1E5AEA6C004D24CF /* Assets.xcassets in Resources */,
				505D544A1E5AEA6C004D24CF /* Main.storyboard in Resources */,
			);
			runOnlyForDeploymentPostprocessing = 0;
		};
/* End PBXResourcesBuildPhase section */

/* Begin PBXSourcesBuildPhase section */
		505D54381E5AEA6B004D24CF /* Sources */ = {
			isa = PBXSourcesBuildPhase;
			buildActionMask = 2147483647;
			files = (
				50FB32271E5DF8B900219425 /* ANMessageBaseCell.m in Sources */,
				5024BD3C1E5BFCF90033F65B /* ANNavigationController.m in Sources */,
				50FB32321E5E21D200219425 /* UIImage+ANExt.m in Sources */,
				5024BD421E5C28D20033F65B /* ANChatViewController.m in Sources */,
				50FB322F1E5DFB3C00219425 /* ANMessageModel.m in Sources */,
				50FB32231E5DE8E900219425 /* UIColor+ANExt.m in Sources */,
				5024BD381E5BF9780033F65B /* ANMainViewController.m in Sources */,
				50FB322A1E5DFADF00219425 /* ANMessageTextCell.m in Sources */,
				5024BD481E5C591A0033F65B /* ANChatInputView.m in Sources */,
				505D54441E5AEA6C004D24CF /* AppDelegate.m in Sources */,
				505D54411E5AEA6C004D24CF /* main.m in Sources */,
				5024BD3F1E5BFD280033F65B /* ANViewController.m in Sources */,
			);
			runOnlyForDeploymentPostprocessing = 0;
		};
/* End PBXSourcesBuildPhase section */

/* Begin PBXVariantGroup section */
		505D54481E5AEA6C004D24CF /* Main.storyboard */ = {
			isa = PBXVariantGroup;
			children = (
				505D54491E5AEA6C004D24CF /* Base */,
			);
			name = Main.storyboard;
			sourceTree = "<group>";
		};
		505D544D1E5AEA6C004D24CF /* LaunchScreen.storyboard */ = {
			isa = PBXVariantGroup;
			children = (
				505D544E1E5AEA6C004D24CF /* Base */,
			);
			name = LaunchScreen.storyboard;
			sourceTree = "<group>";
		};
/* End PBXVariantGroup section */

/* Begin XCBuildConfiguration section */
		505D54511E5AEA6C004D24CF /* Debug */ = {
			isa = XCBuildConfiguration;
			buildSettings = {
				ALWAYS_SEARCH_USER_PATHS = NO;
				CLANG_ANALYZER_NONNULL = YES;
				CLANG_CXX_LANGUAGE_STANDARD = "gnu++0x";
				CLANG_CXX_LIBRARY = "libc++";
				CLANG_ENABLE_MODULES = YES;
				CLANG_ENABLE_OBJC_ARC = YES;
				CLANG_WARN_BOOL_CONVERSION = YES;
				CLANG_WARN_CONSTANT_CONVERSION = YES;
				CLANG_WARN_DIRECT_OBJC_ISA_USAGE = YES_ERROR;
				CLANG_WARN_DOCUMENTATION_COMMENTS = YES;
				CLANG_WARN_EMPTY_BODY = YES;
				CLANG_WARN_ENUM_CONVERSION = YES;
				CLANG_WARN_INFINITE_RECURSION = YES;
				CLANG_WARN_INT_CONVERSION = YES;
				CLANG_WARN_OBJC_ROOT_CLASS = YES_ERROR;
				CLANG_WARN_SUSPICIOUS_MOVE = YES;
				CLANG_WARN_UNREACHABLE_CODE = YES;
				CLANG_WARN__DUPLICATE_METHOD_MATCH = YES;
				"CODE_SIGN_IDENTITY[sdk=iphoneos*]" = "iPhone Developer";
				COPY_PHASE_STRIP = NO;
				DEBUG_INFORMATION_FORMAT = dwarf;
				ENABLE_STRICT_OBJC_MSGSEND = YES;
				ENABLE_TESTABILITY = YES;
				GCC_C_LANGUAGE_STANDARD = gnu99;
				GCC_DYNAMIC_NO_PIC = NO;
				GCC_NO_COMMON_BLOCKS = YES;
				GCC_OPTIMIZATION_LEVEL = 0;
				GCC_PREPROCESSOR_DEFINITIONS = (
					"DEBUG=1",
					"$(inherited)",
				);
				GCC_WARN_64_TO_32_BIT_CONVERSION = YES;
				GCC_WARN_ABOUT_RETURN_TYPE = YES_ERROR;
				GCC_WARN_UNDECLARED_SELECTOR = YES;
				GCC_WARN_UNINITIALIZED_AUTOS = YES_AGGRESSIVE;
				GCC_WARN_UNUSED_FUNCTION = YES;
				GCC_WARN_UNUSED_VARIABLE = YES;
				IPHONEOS_DEPLOYMENT_TARGET = 10.2;
				MTL_ENABLE_DEBUG_INFO = YES;
				ONLY_ACTIVE_ARCH = YES;
				SDKROOT = iphoneos;
			};
			name = Debug;
		};
		505D54521E5AEA6C004D24CF /* Release */ = {
			isa = XCBuildConfiguration;
			buildSettings = {
				ALWAYS_SEARCH_USER_PATHS = NO;
				CLANG_ANALYZER_NONNULL = YES;
				CLANG_CXX_LANGUAGE_STANDARD = "gnu++0x";
				CLANG_CXX_LIBRARY = "libc++";
				CLANG_ENABLE_MODULES = YES;
				CLANG_ENABLE_OBJC_ARC = YES;
				CLANG_WARN_BOOL_CONVERSION = YES;
				CLANG_WARN_CONSTANT_CONVERSION = YES;
				CLANG_WARN_DIRECT_OBJC_ISA_USAGE = YES_ERROR;
				CLANG_WARN_DOCUMENTATION_COMMENTS = YES;
				CLANG_WARN_EMPTY_BODY = YES;
				CLANG_WARN_ENUM_CONVERSION = YES;
				CLANG_WARN_INFINITE_RECURSION = YES;
				CLANG_WARN_INT_CONVERSION = YES;
				CLANG_WARN_OBJC_ROOT_CLASS = YES_ERROR;
				CLANG_WARN_SUSPICIOUS_MOVE = YES;
				CLANG_WARN_UNREACHABLE_CODE = YES;
				CLANG_WARN__DUPLICATE_METHOD_MATCH = YES;
				"CODE_SIGN_IDENTITY[sdk=iphoneos*]" = "iPhone Developer";
				COPY_PHASE_STRIP = NO;
				DEBUG_INFORMATION_FORMAT = "dwarf-with-dsym";
				ENABLE_NS_ASSERTIONS = NO;
				ENABLE_STRICT_OBJC_MSGSEND = YES;
				GCC_C_LANGUAGE_STANDARD = gnu99;
				GCC_NO_COMMON_BLOCKS = YES;
				GCC_WARN_64_TO_32_BIT_CONVERSION = YES;
				GCC_WARN_ABOUT_RETURN_TYPE = YES_ERROR;
				GCC_WARN_UNDECLARED_SELECTOR = YES;
				GCC_WARN_UNINITIALIZED_AUTOS = YES_AGGRESSIVE;
				GCC_WARN_UNUSED_FUNCTION = YES;
				GCC_WARN_UNUSED_VARIABLE = YES;
				IPHONEOS_DEPLOYMENT_TARGET = 10.2;
				MTL_ENABLE_DEBUG_INFO = NO;
				SDKROOT = iphoneos;
				VALIDATE_PRODUCT = YES;
			};
			name = Release;
		};
		505D54541E5AEA6C004D24CF /* Debug */ = {
			isa = XCBuildConfiguration;
			buildSettings = {
				ASSETCATALOG_COMPILER_APPICON_NAME = AppIcon;
				DEVELOPMENT_TEAM = ZB5CR5DXHJ;
				INFOPLIST_FILE = AskNow/Info.plist;
				LD_RUNPATH_SEARCH_PATHS = "$(inherited) @executable_path/Frameworks";
				PRODUCT_BUNDLE_IDENTIFIER = cn.xmxue.AskNow;
				PRODUCT_NAME = "$(TARGET_NAME)";
			};
			name = Debug;
		};
		505D54551E5AEA6C004D24CF /* Release */ = {
			isa = XCBuildConfiguration;
			buildSettings = {
				ASSETCATALOG_COMPILER_APPICON_NAME = AppIcon;
				DEVELOPMENT_TEAM = ZB5CR5DXHJ;
				INFOPLIST_FILE = AskNow/Info.plist;
				LD_RUNPATH_SEARCH_PATHS = "$(inherited) @executable_path/Frameworks";
				PRODUCT_BUNDLE_IDENTIFIER = cn.xmxue.AskNow;
				PRODUCT_NAME = "$(TARGET_NAME)";
			};
			name = Release;
		};
/* End XCBuildConfiguration section */

/* Begin XCConfigurationList section */
		505D54371E5AEA6B004D24CF /* Build configuration list for PBXProject "AskNow" */ = {
			isa = XCConfigurationList;
			buildConfigurations = (
				505D54511E5AEA6C004D24CF /* Debug */,
				505D54521E5AEA6C004D24CF /* Release */,
			);
			defaultConfigurationIsVisible = 0;
			defaultConfigurationName = Release;
		};
		505D54531E5AEA6C004D24CF /* Build configuration list for PBXNativeTarget "AskNow" */ = {
			isa = XCConfigurationList;
			buildConfigurations = (
				505D54541E5AEA6C004D24CF /* Debug */,
				505D54551E5AEA6C004D24CF /* Release */,
			);
			defaultConfigurationIsVisible = 0;
			defaultConfigurationName = Release;
		};
/* End XCConfigurationList section */
	};
	rootObject = 505D54341E5AEA6B004D24CF /* Project object */;
}
